
Microsoft Visual Studio Solution File, Format Version 11.00
# Visual Studio 2010
Project("{8BC9CEB8-8B4A-11D0-8D11-00A0C91BC942}") = "3d", "3d.vcxproj", "{F3AD5489-A94B-4EB8-BFB4-B1B995D6E6AA}"
EndProject
Project("{8BC9CEB8-8B4A-11D0-8D11-00A0C91BC942}") = "asyncio", "asyncio.vcxproj", "{361903D6-280E-4D90-AC65-033FB856458C}"
EndProject
Project("{8BC9CEB8-8B4A-11D0-8D11-00A0C91BC942}") = "channel_groups", "channel_groups.vcxproj", "{9DE83E8B-91DB-43EA-A9C0-3AFB9FD0C8B5}"
EndProject
Project("{8BC9CEB8-8B4A-11D0-8D11-00A0C91BC942}") = "convolution_reverb", "convolution_reverb.vcxproj", "{CC4BD948-E169-4DCE-A49B-40F2B81A588F}"
EndProject
Project("{8BC9CEB8-8B4A-11D0-8D11-00A0C91BC942}") = "dsp_custom", "dsp_custom.vcxproj", "{70003830-0C4C-40F1-B5CB-80B1BD6F8871}"
EndProject
Project("{8BC9CEB8-8B4A-11D0-8D11-00A0C91BC942}") = "dsp_effect_per_speaker", "dsp_effect_per_speaker.vcxproj", "{DE5D9913-63F2-4D3B-B3CA-BD88F558D742}"
EndProject
Project("{8BC9CEB8-8B4A-11D0-8D11-00A0C91BC942}") = "dsp_inspector", "dsp_inspector.vcxproj", "{E3CE3327-A393-452D-8EFB-C3E653376828}"
EndProject
Project("{8BC9CEB8-8B4A-11D0-8D11-00A0C91BC942}") = "effects", "effects.vcxproj", "{8D35E577-5F38-45D2-B644-85B2F1EA8465}"
EndProject
Project("{8BC9CEB8-8B4A-11D0-8D11-00A0C91BC942}") = "gapless_playback", "gapless_playback.vcxproj", "{EDE54F32-1BEB-4102-8639-C0D738136D69}"
EndProject
Project("{8BC9CEB8-8B4A-11D0-8D11-00A0C91BC942}") = "generate_tone", "generate_tone.vcxproj", "{BA1C08EF-9FBF-4BAB-AA7E-078AD68EF05E}"
EndProject
Project("{8BC9CEB8-8B4A-11D0-8D11-00A0C91BC942}") = "granular_synth", "granular_synth.vcxproj", "{3F1E93F1-9B0F-4930-A58A-66B2DAC1ABD0}"
EndProject
Project("{8BC9CEB8-8B4A-11D0-8D11-00A0C91BC942}") = "load_from_memory", "load_from_memory.vcxproj", "{ECBF9D52-DF1B-4D6A-86C8-028CCF118F92}"
EndProject
Project("{8BC9CEB8-8B4A-11D0-8D11-00A0C91BC942}") = "multiple_speaker", "multiple_speaker.vcxproj", "{BF3E083E-64F3-4513-A9A8-304E8EDBEA5E}"
EndProject
Project("{8BC9CEB8-8B4A-11D0-8D11-00A0C91BC942}") = "multiple_system", "multiple_system.vcxproj", "{B52E7D99-3BCC-45B7-8A9D-4F56C92F52EB}"
EndProject
Project("{8BC9CEB8-8B4A-11D0-8D11-00A0C91BC942}") = "net_stream", "net_stream.vcxproj", "{F823D809-83A4-4B3B-B4A7-95119983F7E7}"
EndProject
Project("{8BC9CEB8-8B4A-11D0-8D11-00A0C91BC942}") = "play_sound", "play_sound.vcxproj", "{1611CF02-7DB8-4523-AC11-96B668D8CE65}"
EndProject
Project("{8BC9CEB8-8B4A-11D0-8D11-00A0C91BC942}") = "play_stream", "play_stream.vcxproj", "{9B60EE19-CA95-4227-BD6B-C99CB3D7E751}"
EndProject
Project("{8BC9CEB8-8B4A-11D0-8D11-00A0C91BC942}") = "record", "record.vcxproj", "{900A7734-C7E1-4FF7-A8E0-171AB271EC52}"
EndProject
Project("{8BC9CEB8-8B4A-11D0-8D11-00A0C91BC942}") = "record_enumeration", "record_enumeration.vcxproj", "{4A0C866F-F771-4131-B0E2-132492F42C65}"
EndProject
Project("{8BC9CEB8-8B4A-11D0-8D11-00A0C91BC942}") = "user_created_sound", "user_created_sound.vcxproj", "{BBF4D240-CF6B-49E4-B82E-A8BAEE3B59F9}"
EndProject
Project("{8BC9CEB8-8B4A-11D0-8D11-00A0C91BC942}") = "fmod_codec_raw", "fmod_codec_raw.vcxproj", "{0EC5CD05-5A6A-47EA-9490-60B69BA1A5C1}"
EndProject
Project("{8BC9CEB8-8B4A-11D0-8D11-00A0C91BC942}") = "fmod_distance_filter", "fmod_distance_filter.vcxproj", "{AA3804F1-41B9-46E4-A768-E41CE31405B5}"
EndProject
Project("{8BC9CEB8-8B4A-11D0-8D11-00A0C91BC942}") = "fmod_gain", "fmod_gain.vcxproj", "{7F2A55CE-94E9-4F5A-AE26-026FEE9F8F57}"
EndProject
Project("{8BC9CEB8-8B4A-11D0-8D11-00A0C91BC942}") = "fmod_noise", "fmod_noise.vcxproj", "{2200C296-2551-45A6-AF09-FE17C2A73018}"
EndProject
Project("{8BC9CEB8-8B4A-11D0-8D11-00A0C91BC942}") = "output_mp3", "output_mp3.vcxproj", "{C9D8DB53-7F2E-49CB-9D68-D8CC098E00AE}"
EndProject
Global
	GlobalSection(SolutionConfigurationPlatforms) = preSolution
		Debug|Win32 = Debug|Win32
		Debug|x64 = Debug|x64
		Release|Win32 = Release|Win32
		Release|x64 = Release|x64
	EndGlobalSection
	GlobalSection(ProjectConfigurationPlatforms) = postSolution
		{F3AD5489-A94B-4EB8-BFB4-B1B995D6E6AA}.Debug|Win32.ActiveCfg = Debug|Win32
		{F3AD5489-A94B-4EB8-BFB4-B1B995D6E6AA}.Debug|Win32.Build.0 = Debug|Win32
		{F3AD5489-A94B-4EB8-BFB4-B1B995D6E6AA}.Debug|Win32.Deploy.0 = Debug|Win32
		{F3AD5489-A94B-4EB8-BFB4-B1B995D6E6AA}.Debug|x64.ActiveCfg = Debug|x64
		{F3AD5489-A94B-4EB8-BFB4-B1B995D6E6AA}.Debug|x64.Build.0 = Debug|x64
		{F3AD5489-A94B-4EB8-BFB4-B1B995D6E6AA}.Debug|x64.Deploy.0 = Debug|x64
		{F3AD5489-A94B-4EB8-BFB4-B1B995D6E6AA}.Release|Win32.ActiveCfg = Release|Win32
		{F3AD5489-A94B-4EB8-BFB4-B1B995D6E6AA}.Release|Win32.Build.0 = Release|Win32
		{F3AD5489-A94B-4EB8-BFB4-B1B995D6E6AA}.Release|Win32.Deploy.0 = Release|Win32
		{F3AD5489-A94B-4EB8-BFB4-B1B995D6E6AA}.Release|x64.ActiveCfg = Release|x64
		{F3AD5489-A94B-4EB8-BFB4-B1B995D6E6AA}.Release|x64.Build.0 = Release|x64
		{F3AD5489-A94B-4EB8-BFB4-B1B995D6E6AA}.Release|x64.Deploy.0 = Release|x64
		{361903D6-280E-4D90-AC65-033FB856458C}.Debug|Win32.ActiveCfg = Debug|Win32
		{361903D6-280E-4D90-AC65-033FB856458C}.Debug|Win32.Build.0 = Debug|Win32
		{361903D6-280E-4D90-AC65-033FB856458C}.Debug|Win32.Deploy.0 = Debug|Win32
		{361903D6-280E-4D90-AC65-033FB856458C}.Debug|x64.ActiveCfg = Debug|x64
		{361903D6-280E-4D90-AC65-033FB856458C}.Debug|x64.Build.0 = Debug|x64
		{361903D6-280E-4D90-AC65-033FB856458C}.Debug|x64.Deploy.0 = Debug|x64
		{361903D6-280E-4D90-AC65-033FB856458C}.Release|Win32.ActiveCfg = Release|Win32
		{361903D6-280E-4D90-AC65-033FB856458C}.Release|Win32.Build.0 = Release|Win32
		{361903D6-280E-4D90-AC65-033FB856458C}.Release|Win32.Deploy.0 = Release|Win32
		{361903D6-280E-4D90-AC65-033FB856458C}.Release|x64.ActiveCfg = Release|x64
		{361903D6-280E-4D90-AC65-033FB856458C}.Release|x64.Build.0 = Release|x64
		{361903D6-280E-4D90-AC65-033FB856458C}.Release|x64.Deploy.0 = Release|x64
		{9DE83E8B-91DB-43EA-A9C0-3AFB9FD0C8B5}.Debug|Win32.ActiveCfg = Debug|Win32
		{9DE83E8B-91DB-43EA-A9C0-3AFB9FD0C8B5}.Debug|Win32.Build.0 = Debug|Win32
		{9DE83E8B-91DB-43EA-A9C0-3AFB9FD0C8B5}.Debug|Win32.Deploy.0 = Debug|Win32
		{9DE83E8B-91DB-43EA-A9C0-3AFB9FD0C8B5}.Debug|x64.ActiveCfg = Debug|x64
		{9DE83E8B-91DB-43EA-A9C0-3AFB9FD0C8B5}.Debug|x64.Build.0 = Debug|x64
		{9DE83E8B-91DB-43EA-A9C0-3AFB9FD0C8B5}.Debug|x64.Deploy.0 = Debug|x64
		{9DE83E8B-91DB-43EA-A9C0-3AFB9FD0C8B5}.Release|Win32.ActiveCfg = Release|Win32
		{9DE83E8B-91DB-43EA-A9C0-3AFB9FD0C8B5}.Release|Win32.Build.0 = Release|Win32
		{9DE83E8B-91DB-43EA-A9C0-3AFB9FD0C8B5}.Release|Win32.Deploy.0 = Release|Win32
		{9DE83E8B-91DB-43EA-A9C0-3AFB9FD0C8B5}.Release|x64.ActiveCfg = Release|x64
		{9DE83E8B-91DB-43EA-A9C0-3AFB9FD0C8B5}.Release|x64.Build.0 = Release|x64
		{9DE83E8B-91DB-43EA-A9C0-3AFB9FD0C8B5}.Release|x64.Deploy.0 = Release|x64
		{CC4BD948-E169-4DCE-A49B-40F2B81A588F}.Debug|Win32.ActiveCfg = Debug|Win32
		{CC4BD948-E169-4DCE-A49B-40F2B81A588F}.Debug|Win32.Build.0 = Debug|Win32
		{CC4BD948-E169-4DCE-A49B-40F2B81A588F}.Debug|Win32.Deploy.0 = Debug|Win32
		{CC4BD948-E169-4DCE-A49B-40F2B81A588F}.Debug|x64.ActiveCfg = Debug|x64
		{CC4BD948-E169-4DCE-A49B-40F2B81A588F}.Debug|x64.Build.0 = Debug|x64
		{CC4BD948-E169-4DCE-A49B-40F2B81A588F}.Debug|x64.Deploy.0 = Debug|x64
		{CC4BD948-E169-4DCE-A49B-40F2B81A588F}.Release|Win32.ActiveCfg = Release|Win32
		{CC4BD948-E169-4DCE-A49B-40F2B81A588F}.Release|Win32.Build.0 = Release|Win32
		{CC4BD948-E169-4DCE-A49B-40F2B81A588F}.Release|Win32.Deploy.0 = Release|Win32
		{CC4BD948-E169-4DCE-A49B-40F2B81A588F}.Release|x64.ActiveCfg = Release|x64
		{CC4BD948-E169-4DCE-A49B-40F2B81A588F}.Release|x64.Build.0 = Release|x64
		{CC4BD948-E169-4DCE-A49B-40F2B81A588F}.Release|x64.Deploy.0 = Release|x64
		{70003830-0C4C-40F1-B5CB-80B1BD6F8871}.Debug|Win32.ActiveCfg = Debug|Win32
		{70003830-0C4C-40F1-B5CB-80B1BD6F8871}.Debug|Win32.Build.0 = Debug|Win32
		{70003830-0C4C-40F1-B5CB-80B1BD6F8871}.Debug|Win32.Deploy.0 = Debug|Win32
		{70003830-0C4C-40F1-B5CB-80B1BD6F8871}.Debug|x64.ActiveCfg = Debug|x64
		{70003830-0C4C-40F1-B5CB-80B1BD6F8871}.Debug|x64.Build.0 = Debug|x64
		{70003830-0C4C-40F1-B5CB-80B1BD6F8871}.Debug|x64.Deploy.0 = Debug|x64
		{70003830-0C4C-40F1-B5CB-80B1BD6F8871}.Release|Win32.ActiveCfg = Release|Win32
		{70003830-0C4C-40F1-B5CB-80B1BD6F8871}.Release|Win32.Build.0 = Release|Win32
		{70003830-0C4C-40F1-B5CB-80B1BD6F8871}.Release|Win32.Deploy.0 = Release|Win32
		{70003830-0C4C-40F1-B5CB-80B1BD6F8871}.Release|x64.ActiveCfg = Release|x64
		{70003830-0C4C-40F1-B5CB-80B1BD6F8871}.Release|x64.Build.0 = Release|x64
		{70003830-0C4C-40F1-B5CB-80B1BD6F8871}.Release|x64.Deploy.0 = Release|x64
		{DE5D9913-63F2-4D3B-B3CA-BD88F558D742}.Debug|Win32.ActiveCfg = Debug|Win32
		{DE5D9913-63F2-4D3B-B3CA-BD88F558D742}.Debug|Win32.Build.0 = Debug|Win32
		{DE5D9913-63F2-4D3B-B3CA-BD88F558D742}.Debug|Win32.Deploy.0 = Debug|Win32
		{DE5D9913-63F2-4D3B-B3CA-BD88F558D742}.Debug|x64.ActiveCfg = Debug|x64
		{DE5D9913-63F2-4D3B-B3CA-BD88F558D742}.Debug|x64.Build.0 = Debug|x64
		{DE5D9913-63F2-4D3B-B3CA-BD88F558D742}.Debug|x64.Deploy.0 = Debug|x64
		{DE5D9913-63F2-4D3B-B3CA-BD88F558D742}.Release|Win32.ActiveCfg = Release|Win32
		{DE5D9913-63F2-4D3B-B3CA-BD88F558D742}.Release|Win32.Build.0 = Release|Win32
		{DE5D9913-63F2-4D3B-B3CA-BD88F558D742}.Release|Win32.Deploy.0 = Release|Win32
		{DE5D9913-63F2-4D3B-B3CA-BD88F558D742}.Release|x64.ActiveCfg = Release|x64
		{DE5D9913-63F2-4D3B-B3CA-BD88F558D742}.Release|x64.Build.0 = Release|x64
		{DE5D9913-63F2-4D3B-B3CA-BD88F558D742}.Release|x64.Deploy.0 = Release|x64
		{E3CE3327-A393-452D-8EFB-C3E653376828}.Debug|Win32.ActiveCfg = Debug|Win32
		{E3CE3327-A393-452D-8EFB-C3E653376828}.Debug|Win32.Build.0 = Debug|Win32
		{E3CE3327-A393-452D-8EFB-C3E653376828}.Debug|Win32.Deploy.0 = Debug|Win32
		{E3CE3327-A393-452D-8EFB-C3E653376828}.Debug|x64.ActiveCfg = Debug|x64
		{E3CE3327-A393-452D-8EFB-C3E653376828}.Debug|x64.Build.0 = Debug|x64
		{E3CE3327-A393-452D-8EFB-C3E653376828}.Debug|x64.Deploy.0 = Debug|x64
		{E3CE3327-A393-452D-8EFB-C3E653376828}.Release|Win32.ActiveCfg = Release|Win32
		{E3CE3327-A393-452D-8EFB-C3E653376828}.Release|Win32.Build.0 = Release|Win32
		{E3CE3327-A393-452D-8EFB-C3E653376828}.Release|Win32.Deploy.0 = Release|Win32
		{E3CE3327-A393-452D-8EFB-C3E653376828}.Release|x64.ActiveCfg = Release|x64
		{E3CE3327-A393-452D-8EFB-C3E653376828}.Release|x64.Build.0 = Release|x64
		{E3CE3327-A393-452D-8EFB-C3E653376828}.Release|x64.Deploy.0 = Release|x64
		{8D35E577-5F38-45D2-B644-85B2F1EA8465}.Debug|Win32.ActiveCfg = Debug|Win32
		{8D35E577-5F38-45D2-B644-85B2F1EA8465}.Debug|Win32.Build.0 = Debug|Win32
		{8D35E577-5F38-45D2-B644-85B2F1EA8465}.Debug|Win32.Deploy.0 = Debug|Win32
		{8D35E577-5F38-45D2-B644-85B2F1EA8465}.Debug|x64.ActiveCfg = Debug|x64
		{8D35E577-5F38-45D2-B644-85B2F1EA8465}.Debug|x64.Build.0 = Debug|x64
		{8D35E577-5F38-45D2-B644-85B2F1EA8465}.Debug|x64.Deploy.0 = Debug|x64
		{8D35E577-5F38-45D2-B644-85B2F1EA8465}.Release|Win32.ActiveCfg = Release|Win32
		{8D35E577-5F38-45D2-B644-85B2F1EA8465}.Release|Win32.Build.0 = Release|Win32
		{8D35E577-5F38-45D2-B644-85B2F1EA8465}.Release|Win32.Deploy.0 = Release|Win32
		{8D35E577-5F38-45D2-B644-85B2F1EA8465}.Release|x64.ActiveCfg = Release|x64
		{8D35E577-5F38-45D2-B644-85B2F1EA8465}.Release|x64.Build.0 = Release|x64
		{8D35E577-5F38-45D2-B644-85B2F1EA8465}.Release|x64.Deploy.0 = Release|x64
		{EDE54F32-1BEB-4102-8639-C0D738136D69}.Debug|Win32.ActiveCfg = Debug|Win32
		{EDE54F32-1BEB-4102-8639-C0D738136D69}.Debug|Win32.Build.0 = Debug|Win32
		{EDE54F32-1BEB-4102-8639-C0D738136D69}.Debug|Win32.Deploy.0 = Debug|Win32
		{EDE54F32-1BEB-4102-8639-C0D738136D69}.Debug|x64.ActiveCfg = Debug|x64
		{EDE54F32-1BEB-4102-8639-C0D738136D69}.Debug|x64.Build.0 = Debug|x64
		{EDE54F32-1BEB-4102-8639-C0D738136D69}.Debug|x64.Deploy.0 = Debug|x64
		{EDE54F32-1BEB-4102-8639-C0D738136D69}.Release|Win32.ActiveCfg = Release|Win32
		{EDE54F32-1BEB-4102-8639-C0D738136D69}.Release|Win32.Build.0 = Release|Win32
		{EDE54F32-1BEB-4102-8639-C0D738136D69}.Release|Win32.Deploy.0 = Release|Win32
		{EDE54F32-1BEB-4102-8639-C0D738136D69}.Release|x64.ActiveCfg = Release|x64
		{EDE54F32-1BEB-4102-8639-C0D738136D69}.Release|x64.Build.0 = Release|x64
		{EDE54F32-1BEB-4102-8639-C0D738136D69}.Release|x64.Deploy.0 = Release|x64
		{BA1C08EF-9FBF-4BAB-AA7E-078AD68EF05E}.Debug|Win32.ActiveCfg = Debug|Win32
		{BA1C08EF-9FBF-4BAB-AA7E-078AD68EF05E}.Debug|Win32.Build.0 = Debug|Win32
		{BA1C08EF-9FBF-4BAB-AA7E-078AD68EF05E}.Debug|Win32.Deploy.0 = Debug|Win32
		{BA1C08EF-9FBF-4BAB-AA7E-078AD68EF05E}.Debug|x64.ActiveCfg = Debug|x64
		{BA1C08EF-9FBF-4BAB-AA7E-078AD68EF05E}.Debug|x64.Build.0 = Debug|x64
		{BA1C08EF-9FBF-4BAB-AA7E-078AD68EF05E}.Debug|x64.Deploy.0 = Debug|x64
		{BA1C08EF-9FBF-4BAB-AA7E-078AD68EF05E}.Release|Win32.ActiveCfg = Release|Win32
		{BA1C08EF-9FBF-4BAB-AA7E-078AD68EF05E}.Release|Win32.Build.0 = Release|Win32
		{BA1C08EF-9FBF-4BAB-AA7E-078AD68EF05E}.Release|Win32.Deploy.0 = Release|Win32
		{BA1C08EF-9FBF-4BAB-AA7E-078AD68EF05E}.Release|x64.ActiveCfg = Release|x64
		{BA1C08EF-9FBF-4BAB-AA7E-078AD68EF05E}.Release|x64.Build.0 = Release|x64
		{BA1C08EF-9FBF-4BAB-AA7E-078AD68EF05E}.Release|x64.Deploy.0 = Release|x64
		{3F1E93F1-9B0F-4930-A58A-66B2DAC1ABD0}.Debug|Win32.ActiveCfg = Debug|Win32
		{3F1E93F1-9B0F-4930-A58A-66B2DAC1ABD0}.Debug|Win32.Build.0 = Debug|Win32
		{3F1E93F1-9B0F-4930-A58A-66B2DAC1ABD0}.Debug|Win32.Deploy.0 = Debug|Win32
		{3F1E93F1-9B0F-4930-A58A-66B2DAC1ABD0}.Debug|x64.ActiveCfg = Debug|x64
		{3F1E93F1-9B0F-4930-A58A-66B2DAC1ABD0}.Debug|x64.Build.0 = Debug|x64
		{3F1E93F1-9B0F-4930-A58A-66B2DAC1ABD0}.Debug|x64.Deploy.0 = Debug|x64
		{3F1E93F1-9B0F-4930-A58A-66B2DAC1ABD0}.Release|Win32.ActiveCfg = Release|Win32
		{3F1E93F1-9B0F-4930-A58A-66B2DAC1ABD0}.Release|Win32.Build.0 = Release|Win32
		{3F1E93F1-9B0F-4930-A58A-66B2DAC1ABD0}.Release|Win32.Deploy.0 = Release|Win32
		{3F1E93F1-9B0F-4930-A58A-66B2DAC1ABD0}.Release|x64.ActiveCfg = Release|x64
		{3F1E93F1-9B0F-4930-A58A-66B2DAC1ABD0}.Release|x64.Build.0 = Release|x64
		{3F1E93F1-9B0F-4930-A58A-66B2DAC1ABD0}.Release|x64.Deploy.0 = Release|x64
		{ECBF9D52-DF1B-4D6A-86C8-028CCF118F92}.Debug|Win32.ActiveCfg = Debug|Win32
		{ECBF9D52-DF1B-4D6A-86C8-028CCF118F92}.Debug|Win32.Build.0 = Debug|Win32
		{ECBF9D52-DF1B-4D6A-86C8-028CCF118F92}.Debug|Win32.Deploy.0 = Debug|Win32
		{ECBF9D52-DF1B-4D6A-86C8-028CCF118F92}.Debug|x64.ActiveCfg = Debug|x64
		{ECBF9D52-DF1B-4D6A-86C8-028CCF118F92}.Debug|x64.Build.0 = Debug|x64
		{ECBF9D52-DF1B-4D6A-86C8-028CCF118F92}.Debug|x64.Deploy.0 = Debug|x64
		{ECBF9D52-DF1B-4D6A-86C8-028CCF118F92}.Release|Win32.ActiveCfg = Release|Win32
		{ECBF9D52-DF1B-4D6A-86C8-028CCF118F92}.Release|Win32.Build.0 = Release|Win32
		{ECBF9D52-DF1B-4D6A-86C8-028CCF118F92}.Release|Win32.Deploy.0 = Release|Win32
		{ECBF9D52-DF1B-4D6A-86C8-028CCF118F92}.Release|x64.ActiveCfg = Release|x64
		{ECBF9D52-DF1B-4D6A-86C8-028CCF118F92}.Release|x64.Build.0 = Release|x64
		{ECBF9D52-DF1B-4D6A-86C8-028CCF118F92}.Release|x64.Deploy.0 = Release|x64
		{BF3E083E-64F3-4513-A9A8-304E8EDBEA5E}.Debug|Win32.ActiveCfg = Debug|Win32
		{BF3E083E-64F3-4513-A9A8-304E8EDBEA5E}.Debug|Win32.Build.0 = Debug|Win32
		{BF3E083E-64F3-4513-A9A8-304E8EDBEA5E}.Debug|Win32.Deploy.0 = Debug|Win32
		{BF3E083E-64F3-4513-A9A8-304E8EDBEA5E}.Debug|x64.ActiveCfg = Debug|x64
		{BF3E083E-64F3-4513-A9A8-304E8EDBEA5E}.Debug|x64.Build.0 = Debug|x64
		{BF3E083E-64F3-4513-A9A8-304E8EDBEA5E}.Debug|x64.Deploy.0 = Debug|x64
		{BF3E083E-64F3-4513-A9A8-304E8EDBEA5E}.Release|Win32.ActiveCfg = Release|Win32
		{BF3E083E-64F3-4513-A9A8-304E8EDBEA5E}.Release|Win32.Build.0 = Release|Win32
		{BF3E083E-64F3-4513-A9A8-304E8EDBEA5E}.Release|Win32.Deploy.0 = Release|Win32
		{BF3E083E-64F3-4513-A9A8-304E8EDBEA5E}.Release|x64.ActiveCfg = Release|x64
		{BF3E083E-64F3-4513-A9A8-304E8EDBEA5E}.Release|x64.Build.0 = Release|x64
		{BF3E083E-64F3-4513-A9A8-304E8EDBEA5E}.Release|x64.Deploy.0 = Release|x64
		{B52E7D99-3BCC-45B7-8A9D-4F56C92F52EB}.Debug|Win32.ActiveCfg = Debug|Win32
		{B52E7D99-3BCC-45B7-8A9D-4F56C92F52EB}.Debug|Win32.Build.0 = Debug|Win32
		{B52E7D99-3BCC-45B7-8A9D-4F56C92F52EB}.Debug|Win32.Deploy.0 = Debug|Win32
		{B52E7D99-3BCC-45B7-8A9D-4F56C92F52EB}.Debug|x64.ActiveCfg = Debug|x64
		{B52E7D99-3BCC-45B7-8A9D-4F56C92F52EB}.Debug|x64.Build.0 = Debug|x64
		{B52E7D99-3BCC-45B7-8A9D-4F56C92F52EB}.Debug|x64.Deploy.0 = Debug|x64
		{B52E7D99-3BCC-45B7-8A9D-4F56C92F52EB}.Release|Win32.ActiveCfg = Release|Win32
		{B52E7D99-3BCC-45B7-8A9D-4F56C92F52EB}.Release|Win32.Build.0 = Release|Win32
		{B52E7D99-3BCC-45B7-8A9D-4F56C92F52EB}.Release|Win32.Deploy.0 = Release|Win32
		{B52E7D99-3BCC-45B7-8A9D-4F56C92F52EB}.Release|x64.ActiveCfg = Release|x64
		{B52E7D99-3BCC-45B7-8A9D-4F56C92F52EB}.Release|x64.Build.0 = Release|x64
		{B52E7D99-3BCC-45B7-8A9D-4F56C92F52EB}.Release|x64.Deploy.0 = Release|x64
		{F823D809-83A4-4B3B-B4A7-95119983F7E7}.Debug|Win32.ActiveCfg = Debug|Win32
		{F823D809-83A4-4B3B-B4A7-95119983F7E7}.Debug|Win32.Build.0 = Debug|Win32
		{F823D809-83A4-4B3B-B4A7-95119983F7E7}.Debug|Win32.Deploy.0 = Debug|Win32
		{F823D809-83A4-4B3B-B4A7-95119983F7E7}.Debug|x64.ActiveCfg = Debug|x64
		{F823D809-83A4-4B3B-B4A7-95119983F7E7}.Debug|x64.Build.0 = Debug|x64
		{F823D809-83A4-4B3B-B4A7-95119983F7E7}.Debug|x64.Deploy.0 = Debug|x64
		{F823D809-83A4-4B3B-B4A7-95119983F7E7}.Release|Win32.ActiveCfg = Release|Win32
		{F823D809-83A4-4B3B-B4A7-95119983F7E7}.Release|Win32.Build.0 = Release|Win32
		{F823D809-83A4-4B3B-B4A7-95119983F7E7}.Release|Win32.Deploy.0 = Release|Win32
		{F823D809-83A4-4B3B-B4A7-95119983F7E7}.Release|x64.ActiveCfg = Release|x64
		{F823D809-83A4-4B3B-B4A7-95119983F7E7}.Release|x64.Build.0 = Release|x64
		{F823D809-83A4-4B3B-B4A7-95119983F7E7}.Release|x64.Deploy.0 = Release|x64
		{1611CF02-7DB8-4523-AC11-96B668D8CE65}.Debug|Win32.ActiveCfg = Debug|Win32
		{1611CF02-7DB8-4523-AC11-96B668D8CE65}.Debug|Win32.Build.0 = Debug|Win32
		{1611CF02-7DB8-4523-AC11-96B668D8CE65}.Debug|Win32.Deploy.0 = Debug|Win32
		{1611CF02-7DB8-4523-AC11-96B668D8CE65}.Debug|x64.ActiveCfg = Debug|x64
		{1611CF02-7DB8-4523-AC11-96B668D8CE65}.Debug|x64.Build.0 = Debug|x64
		{1611CF02-7DB8-4523-AC11-96B668D8CE65}.Debug|x64.Deploy.0 = Debug|x64
		{1611CF02-7DB8-4523-AC11-96B668D8CE65}.Release|Win32.ActiveCfg = Release|Win32
		{1611CF02-7DB8-4523-AC11-96B668D8CE65}.Release|Win32.Build.0 = Release|Win32
		{1611CF02-7DB8-4523-AC11-96B668D8CE65}.Release|Win32.Deploy.0 = Release|Win32
		{1611CF02-7DB8-4523-AC11-96B668D8CE65}.Release|x64.ActiveCfg = Release|x64
		{1611CF02-7DB8-4523-AC11-96B668D8CE65}.Release|x64.Build.0 = Release|x64
		{1611CF02-7DB8-4523-AC11-96B668D8CE65}.Release|x64.Deploy.0 = Release|x64
		{9B60EE19-CA95-4227-BD6B-C99CB3D7E751}.Debug|Win32.ActiveCfg = Debug|Win32
		{9B60EE19-CA95-4227-BD6B-C99CB3D7E751}.Debug|Win32.Build.0 = Debug|Win32
		{9B60EE19-CA95-4227-BD6B-C99CB3D7E751}.Debug|Win32.Deploy.0 = Debug|Win32
		{9B60EE19-CA95-4227-BD6B-C99CB3D7E751}.Debug|x64.ActiveCfg = Debug|x64
		{9B60EE19-CA95-4227-BD6B-C99CB3D7E751}.Debug|x64.Build.0 = Debug|x64
		{9B60EE19-CA95-4227-BD6B-C99CB3D7E751}.Debug|x64.Deploy.0 = Debug|x64
		{9B60EE19-CA95-4227-BD6B-C99CB3D7E751}.Release|Win32.ActiveCfg = Release|Win32
		{9B60EE19-CA95-4227-BD6B-C99CB3D7E751}.Release|Win32.Build.0 = Release|Win32
		{9B60EE19-CA95-4227-BD6B-C99CB3D7E751}.Release|Win32.Deploy.0 = Release|Win32
		{9B60EE19-CA95-4227-BD6B-C99CB3D7E751}.Release|x64.ActiveCfg = Release|x64
		{9B60EE19-CA95-4227-BD6B-C99CB3D7E751}.Release|x64.Build.0 = Release|x64
		{9B60EE19-CA95-4227-BD6B-C99CB3D7E751}.Release|x64.Deploy.0 = Release|x64
		{900A7734-C7E1-4FF7-A8E0-171AB271EC52}.Debug|Win32.ActiveCfg = Debug|Win32
		{900A7734-C7E1-4FF7-A8E0-171AB271EC52}.Debug|Win32.Build.0 = Debug|Win32
		{900A7734-C7E1-4FF7-A8E0-171AB271EC52}.Debug|Win32.Deploy.0 = Debug|Win32
		{900A7734-C7E1-4FF7-A8E0-171AB271EC52}.Debug|x64.ActiveCfg = Debug|x64
		{900A7734-C7E1-4FF7-A8E0-171AB271EC52}.Debug|x64.Build.0 = Debug|x64
		{900A7734-C7E1-4FF7-A8E0-171AB271EC52}.Debug|x64.Deploy.0 = Debug|x64
		{900A7734-C7E1-4FF7-A8E0-171AB271EC52}.Release|Win32.ActiveCfg = Release|Win32
		{900A7734-C7E1-4FF7-A8E0-171AB271EC52}.Release|Win32.Build.0 = Release|Win32
		{900A7734-C7E1-4FF7-A8E0-171AB271EC52}.Release|Win32.Deploy.0 = Release|Win32
		{900A7734-C7E1-4FF7-A8E0-171AB271EC52}.Release|x64.ActiveCfg = Release|x64
		{900A7734-C7E1-4FF7-A8E0-171AB271EC52}.Release|x64.Build.0 = Release|x64
		{900A7734-C7E1-4FF7-A8E0-171AB271EC52}.Release|x64.Deploy.0 = Release|x64
		{4A0C866F-F771-4131-B0E2-132492F42C65}.Debug|Win32.ActiveCfg = Debug|Win32
		{4A0C866F-F771-4131-B0E2-132492F42C65}.Debug|Win32.Build.0 = Debug|Win32
		{4A0C866F-F771-4131-B0E2-132492F42C65}.Debug|Win32.Deploy.0 = Debug|Win32
		{4A0C866F-F771-4131-B0E2-132492F42C65}.Debug|x64.ActiveCfg = Debug|x64
		{4A0C866F-F771-4131-B0E2-132492F42C65}.Debug|x64.Build.0 = Debug|x64
		{4A0C866F-F771-4131-B0E2-132492F42C65}.Debug|x64.Deploy.0 = Debug|x64
		{4A0C866F-F771-4131-B0E2-132492F42C65}.Release|Win32.ActiveCfg = Release|Win32
		{4A0C866F-F771-4131-B0E2-132492F42C65}.Release|Win32.Build.0 = Release|Win32
		{4A0C866F-F771-4131-B0E2-132492F42C65}.Release|Win32.Deploy.0 = Release|Win32
		{4A0C866F-F771-4131-B0E2-132492F42C65}.Release|x64.ActiveCfg = Release|x64
		{4A0C866F-F771-4131-B0E2-132492F42C65}.Release|x64.Build.0 = Release|x64
		{4A0C866F-F771-4131-B0E2-132492F42C65}.Release|x64.Deploy.0 = Release|x64
		{BBF4D240-CF6B-49E4-B82E-A8BAEE3B59F9}.Debug|Win32.ActiveCfg = Debug|Win32
		{BBF4D240-CF6B-49E4-B82E-A8BAEE3B59F9}.Debug|Win32.Build.0 = Debug|Win32
		{BBF4D240-CF6B-49E4-B82E-A8BAEE3B59F9}.Debug|Win32.Deploy.0 = Debug|Win32
		{BBF4D240-CF6B-49E4-B82E-A8BAEE3B59F9}.Debug|x64.ActiveCfg = Debug|x64
		{BBF4D240-CF6B-49E4-B82E-A8BAEE3B59F9}.Debug|x64.Build.0 = Debug|x64
		{BBF4D240-CF6B-49E4-B82E-A8BAEE3B59F9}.Debug|x64.Deploy.0 = Debug|x64
		{BBF4D240-CF6B-49E4-B82E-A8BAEE3B59F9}.Release|Win32.ActiveCfg = Release|Win32
		{BBF4D240-CF6B-49E4-B82E-A8BAEE3B59F9}.Release|Win32.Build.0 = Release|Win32
		{BBF4D240-CF6B-49E4-B82E-A8BAEE3B59F9}.Release|Win32.Deploy.0 = Release|Win32
		{BBF4D240-CF6B-49E4-B82E-A8BAEE3B59F9}.Release|x64.ActiveCfg = Release|x64
		{BBF4D240-CF6B-49E4-B82E-A8BAEE3B59F9}.Release|x64.Build.0 = Release|x64
		{BBF4D240-CF6B-49E4-B82E-A8BAEE3B59F9}.Release|x64.Deploy.0 = Release|x64
		{0EC5CD05-5A6A-47EA-9490-60B69BA1A5C1}.Debug|Win32.ActiveCfg = Debug|Win32
		{0EC5CD05-5A6A-47EA-9490-60B69BA1A5C1}.Debug|Win32.Build.0 = Debug|Win32
		{0EC5CD05-5A6A-47EA-9490-60B69BA1A5C1}.Debug|Win32.Deploy.0 = Debug|Win32
		{0EC5CD05-5A6A-47EA-9490-60B69BA1A5C1}.Debug|x64.ActiveCfg = Debug|x64
		{0EC5CD05-5A6A-47EA-9490-60B69BA1A5C1}.Debug|x64.Build.0 = Debug|x64
		{0EC5CD05-5A6A-47EA-9490-60B69BA1A5C1}.Debug|x64.Deploy.0 = Debug|x64
		{0EC5CD05-5A6A-47EA-9490-60B69BA1A5C1}.Release|Win32.ActiveCfg = Release|Win32
		{0EC5CD05-5A6A-47EA-9490-60B69BA1A5C1}.Release|Win32.Build.0 = Release|Win32
		{0EC5CD05-5A6A-47EA-9490-60B69BA1A5C1}.Release|Win32.Deploy.0 = Release|Win32
		{0EC5CD05-5A6A-47EA-9490-60B69BA1A5C1}.Release|x64.ActiveCfg = Release|x64
		{0EC5CD05-5A6A-47EA-9490-60B69BA1A5C1}.Release|x64.Build.0 = Release|x64
		{0EC5CD05-5A6A-47EA-9490-60B69BA1A5C1}.Release|x64.Deploy.0 = Release|x64
		{AA3804F1-41B9-46E4-A768-E41CE31405B5}.Debug|Win32.ActiveCfg = Debug|Win32
		{AA3804F1-41B9-46E4-A768-E41CE31405B5}.Debug|Win32.Build.0 = Debug|Win32
		{AA3804F1-41B9-46E4-A768-E41CE31405B5}.Debug|Win32.Deploy.0 = Debug|Win32
		{AA3804F1-41B9-46E4-A768-E41CE31405B5}.Debug|x64.ActiveCfg = Debug|x64
		{AA3804F1-41B9-46E4-A768-E41CE31405B5}.Debug|x64.Build.0 = Debug|x64
		{AA3804F1-41B9-46E4-A768-E41CE31405B5}.Debug|x64.Deploy.0 = Debug|x64
		{AA3804F1-41B9-46E4-A768-E41CE31405B5}.Release|Win32.ActiveCfg = Release|Win32
		{AA3804F1-41B9-46E4-A768-E41CE31405B5}.Release|Win32.Build.0 = Release|Win32
		{AA3804F1-41B9-46E4-A768-E41CE31405B5}.Release|Win32.Deploy.0 = Release|Win32
		{AA3804F1-41B9-46E4-A768-E41CE31405B5}.Release|x64.ActiveCfg = Release|x64
		{AA3804F1-41B9-46E4-A768-E41CE31405B5}.Release|x64.Build.0 = Release|x64
		{AA3804F1-41B9-46E4-A768-E41CE31405B5}.Release|x64.Deploy.0 = Release|x64
		{7F2A55CE-94E9-4F5A-AE26-026FEE9F8F57}.Debug|Win32.ActiveCfg = Debug|Win32
		{7F2A55CE-94E9-4F5A-AE26-026FEE9F8F57}.Debug|Win32.Build.0 = Debug|Win32
		{7F2A55CE-94E9-4F5A-AE26-026FEE9F8F57}.Debug|Win32.Deploy.0 = Debug|Win32
		{7F2A55CE-94E9-4F5A-AE26-026FEE9F8F57}.Debug|x64.ActiveCfg = Debug|x64
		{7F2A55CE-94E9-4F5A-AE26-026FEE9F8F57}.Debug|x64.Build.0 = Debug|x64
		{7F2A55CE-94E9-4F5A-AE26-026FEE9F8F57}.Debug|x64.Deploy.0 = Debug|x64
		{7F2A55CE-94E9-4F5A-AE26-026FEE9F8F57}.Release|Win32.ActiveCfg = Release|Win32
		{7F2A55CE-94E9-4F5A-AE26-026FEE9F8F57}.Release|Win32.Build.0 = Release|Win32
		{7F2A55CE-94E9-4F5A-AE26-026FEE9F8F57}.Release|Win32.Deploy.0 = Release|Win32
		{7F2A55CE-94E9-4F5A-AE26-026FEE9F8F57}.Release|x64.ActiveCfg = Release|x64
		{7F2A55CE-94E9-4F5A-AE26-026FEE9F8F57}.Release|x64.Build.0 = Release|x64
		{7F2A55CE-94E9-4F5A-AE26-026FEE9F8F57}.Release|x64.Deploy.0 = Release|x64
		{2200C296-2551-45A6-AF09-FE17C2A73018}.Debug|Win32.ActiveCfg = Debug|Win32
		{2200C296-2551-45A6-AF09-FE17C2A73018}.Debug|Win32.Build.0 = Debug|Win32
		{2200C296-2551-45A6-AF09-FE17C2A73018}.Debug|Win32.Deploy.0 = Debug|Win32
		{2200C296-2551-45A6-AF09-FE17C2A73018}.Debug|x64.ActiveCfg = Debug|x64
		{2200C296-2551-45A6-AF09-FE17C2A73018}.Debug|x64.Build.0 = Debug|x64
		{2200C296-2551-45A6-AF09-FE17C2A73018}.Debug|x64.Deploy.0 = Debug|x64
		{2200C296-2551-45A6-AF09-FE17C2A73018}.Release|Win32.ActiveCfg = Release|Win32
		{2200C296-2551-45A6-AF09-FE17C2A73018}.Release|Win32.Build.0 = Release|Win32
		{2200C296-2551-45A6-AF09-FE17C2A73018}.Release|Win32.Deploy.0 = Release|Win32
		{2200C296-2551-45A6-AF09-FE17C2A73018}.Release|x64.ActiveCfg = Release|x64
		{2200C296-2551-45A6-AF09-FE17C2A73018}.Release|x64.Build.0 = Release|x64
		{2200C296-2551-45A6-AF09-FE17C2A73018}.Release|x64.Deploy.0 = Release|x64
		{C9D8DB53-7F2E-49CB-9D68-D8CC098E00AE}.Debug|Win32.ActiveCfg = Debug|Win32
		{C9D8DB53-7F2E-49CB-9D68-D8CC098E00AE}.Debug|Win32.Build.0 = Debug|Win32
		{C9D8DB53-7F2E-49CB-9D68-D8CC098E00AE}.Debug|Win32.Deploy.0 = Debug|Win32
		{C9D8DB53-7F2E-49CB-9D68-D8CC098E00AE}.Debug|x64.ActiveCfg = Debug|x64
		{C9D8DB53-7F2E-49CB-9D68-D8CC098E00AE}.Debug|x64.Build.0 = Debug|x64
		{C9D8DB53-7F2E-49CB-9D68-D8CC098E00AE}.Debug|x64.Deploy.0 = Debug|x64
		{C9D8DB53-7F2E-49CB-9D68-D8CC098E00AE}.Release|Win32.ActiveCfg = Release|Win32
		{C9D8DB53-7F2E-49CB-9D68-D8CC098E00AE}.Release|Win32.Build.0 = Release|Win32
		{C9D8DB53-7F2E-49CB-9D68-D8CC098E00AE}.Release|Win32.Deploy.0 = Release|Win32
		{C9D8DB53-7F2E-49CB-9D68-D8CC098E00AE}.Release|x64.ActiveCfg = Release|x64
		{C9D8DB53-7F2E-49CB-9D68-D8CC098E00AE}.Release|x64.Build.0 = Release|x64
		{C9D8DB53-7F2E-49CB-9D68-D8CC098E00AE}.Release|x64.Deploy.0 = Release|x64
	EndGlobalSection
	GlobalSection(SolutionProperties) = preSolution
		HideSolutionNode = FALSE
	EndGlobalSection
EndGlobal
