<?xml version="1.0" encoding="utf-8"?>
<Project ToolsVersion="4.0" xmlns="http://schemas.microsoft.com/developer/msbuild/2003">
  <ItemGroup>
    <Filter Include="Source Files">
      <UniqueIdentifier>{4FC737F1-C7A5-4376-A066-2A32D752A2FF}</UniqueIdentifier>
      <Extensions>cpp;c;cc;cxx;def;odl;idl;hpj;bat;asm;asmx</Extensions>
    </Filter>
    <Filter Include="Header Files">
      <UniqueIdentifier>{93995380-89BD-4b04-88EB-625FBE52EBFB}</UniqueIdentifier>
      <Extensions>h;hh;hpp;hxx;hm;inl;inc;ipp;xsd</Extensions>
    </Filter>
    <Filter Include="Debug">
      <UniqueIdentifier>{c7c4b422-ac46-48ed-a9ba-1595ccaeece3}</UniqueIdentifier>
    </Filter>
    <Filter Include="Graphics">
      <UniqueIdentifier>{e3cc9721-b2b3-4f9f-bb9e-5885dc7931e9}</UniqueIdentifier>
    </Filter>
    <Filter Include="Serialization">
      <UniqueIdentifier>{b27ac33c-c992-4e4a-8965-98bbf0408ace}</UniqueIdentifier>
    </Filter>
    <Filter Include="Resource Files">
      <UniqueIdentifier>{67DA6AB6-F800-4c08-8B7A-83BB121AAD01}</UniqueIdentifier>
      <Extensions>rc;ico;cur;bmp;dlg;rc2;rct;bin;rgs;gif;jpg;jpeg;jpe;resx;tiff;tif;png;wav;mfcribbon-ms</Extensions>
    </Filter>
  </ItemGroup>
  <ItemGroup>
    <ClInclude Include="stdafx.h">
      <Filter>Header Files</Filter>
    </ClInclude>
    <ClInclude Include="input.h">
      <Filter>Header Files</Filter>
    </ClInclude>
    <ClInclude Include="god_ptr.h">
      <Filter>Header Files</Filter>
    </ClInclude>
    <ClInclude Include="sys_window.h">
      <Filter>Graphics</Filter>
    </ClInclude>
    <ClInclude Include="load_image.h">
      <Filter>Graphics</Filter>
    </ClInclude>
    <ClInclude Include="engine_assert.h">
      <Filter>Debug</Filter>
    </ClInclude>
    <ClInclude Include="settings.h">
      <Filter>Serialization</Filter>
    </ClInclude>
    <ClInclude Include="serialize.h">
      <Filter>Serialization</Filter>
    </ClInclude>
    <ClInclude Include="pipeline.h">
      <Filter>Graphics</Filter>
    </ClInclude>
  </ItemGroup>
  <ItemGroup>
    <ClCompile Include="main.cpp">
      <Filter>Source Files</Filter>
    </ClCompile>
    <ClCompile Include="input.cpp">
      <Filter>Source Files</Filter>
    </ClCompile>
    <ClCompile Include="sys_window.cpp">
      <Filter>Graphics</Filter>
    </ClCompile>
    <ClCompile Include="load_image.cpp">
      <Filter>Graphics</Filter>
    </ClCompile>
    <ClCompile Include="engine_assert.cpp">
      <Filter>Debug</Filter>
    </ClCompile>
    <ClCompile Include="settings.cpp">
      <Filter>Serialization</Filter>
    </ClCompile>
    <ClCompile Include="serialize.cpp">
      <Filter>Serialization</Filter>
    </ClCompile>
    <ClCompile Include="pipeline.cpp">
      <Filter>Graphics</Filter>
    </ClCompile>
  </ItemGroup>
</Project>