<?xml version="1.0" encoding="utf-8"?>
<Project ToolsVersion="4.0" xmlns="http://schemas.microsoft.com/developer/msbuild/2003">
  <ItemGroup>
    <Filter Include="Debug">
      <UniqueIdentifier>{c7c4b422-ac46-48ed-a9ba-1595ccaeece3}</UniqueIdentifier>
    </Filter>
    <Filter Include="Graphics">
      <UniqueIdentifier>{e3cc9721-b2b3-4f9f-bb9e-5885dc7931e9}</UniqueIdentifier>
    </Filter>
    <Filter Include="Serialization">
      <UniqueIdentifier>{b27ac33c-c992-4e4a-8965-98bbf0408ace}</UniqueIdentifier>
    </Filter>
    <Filter Include="Resource Files">
      <UniqueIdentifier>{67DA6AB6-F800-4c08-8B7A-83BB121AAD01}</UniqueIdentifier>
      <Extensions>rc;ico;cur;bmp;dlg;rc2;rct;bin;rgs;gif;jpg;jpeg;jpe;resx;tiff;tif;png;wav;mfcribbon-ms</Extensions>
    </Filter>
    <Filter Include="System">
      <UniqueIdentifier>{8137757d-606b-4537-8a34-13d31d176996}</UniqueIdentifier>
    </Filter>
    <Filter Include="Experimental">
      <UniqueIdentifier>{4ec02b92-e561-4375-9a75-40b1e869a76d}</UniqueIdentifier>
    </Filter>
  </ItemGroup>
  <ItemGroup>
    <ClInclude Include="sys_window.h">
      <Filter>Graphics</Filter>
    </ClInclude>
    <ClInclude Include="load_image.h">
      <Filter>Graphics</Filter>
    </ClInclude>
    <ClInclude Include="engine_assert.h">
      <Filter>Debug</Filter>
    </ClInclude>
    <ClInclude Include="settings.h">
      <Filter>Serialization</Filter>
    </ClInclude>
    <ClInclude Include="serialize.h">
      <Filter>Serialization</Filter>
    </ClInclude>
    <ClInclude Include="pipeline.h">
      <Filter>Graphics</Filter>
    </ClInclude>
    <ClInclude Include="input.h">
      <Filter>System</Filter>
    </ClInclude>
    <ClInclude Include="stdafx.h" />
    <ClInclude Include="god_ptr.h">
      <Filter>Experimental</Filter>
    </ClInclude>
  </ItemGroup>
  <ItemGroup>
    <ClCompile Include="sys_window.cpp">
      <Filter>Graphics</Filter>
    </ClCompile>
    <ClCompile Include="load_image.cpp">
      <Filter>Graphics</Filter>
    </ClCompile>
    <ClCompile Include="engine_assert.cpp">
      <Filter>Debug</Filter>
    </ClCompile>
    <ClCompile Include="settings.cpp">
      <Filter>Serialization</Filter>
    </ClCompile>
    <ClCompile Include="serialize.cpp">
      <Filter>Serialization</Filter>
    </ClCompile>
    <ClCompile Include="pipeline.cpp">
      <Filter>Graphics</Filter>
    </ClCompile>
    <ClCompile Include="main.cpp">
      <Filter>System</Filter>
    </ClCompile>
    <ClCompile Include="input.cpp">
      <Filter>System</Filter>
    </ClCompile>
  </ItemGroup>
</Project>