
Microsoft Visual Studio Solution File, Format Version 11.00
# Visual Studio 2012
Project("{8BC9CEB8-8B4A-11D0-8D11-00A0C91BC942}") = "3d", "3d.vcxproj", "{5F8A5742-DE31-4B57-B870-EE88D23F98D5}"
EndProject
Project("{8BC9CEB8-8B4A-11D0-8D11-00A0C91BC942}") = "3d_multi", "3d_multi.vcxproj", "{C235C028-777F-4FC2-8A65-431D237C5B19}"
EndProject
Project("{8BC9CEB8-8B4A-11D0-8D11-00A0C91BC942}") = "event_parameter", "event_parameter.vcxproj", "{4908237C-C2B6-44BF-AE0D-DDD503D14500}"
EndProject
Project("{8BC9CEB8-8B4A-11D0-8D11-00A0C91BC942}") = "load_banks", "load_banks.vcxproj", "{8AB6893F-27D6-48C3-9FDC-129399B2B50E}"
EndProject
Project("{8BC9CEB8-8B4A-11D0-8D11-00A0C91BC942}") = "music_callbacks", "music_callbacks.vcxproj", "{1BE7188A-DAA6-412D-B12A-016DF78F79EC}"
EndProject
Project("{8BC9CEB8-8B4A-11D0-8D11-00A0C91BC942}") = "objectpan", "objectpan.vcxproj", "{DBB9F499-EF9C-47FF-B350-190DCE1A5A4B}"
EndProject
Project("{8BC9CEB8-8B4A-11D0-8D11-00A0C91BC942}") = "programmer_sound", "programmer_sound.vcxproj", "{347F966B-ABE7-4AE8-9764-9FB74B80622E}"
EndProject
Project("{8BC9CEB8-8B4A-11D0-8D11-00A0C91BC942}") = "recording_playback", "recording_playback.vcxproj", "{FBFF72FC-084E-4158-AC84-40A06D28A7EA}"
EndProject
Project("{8BC9CEB8-8B4A-11D0-8D11-00A0C91BC942}") = "simple_event", "simple_event.vcxproj", "{93B9E3FC-D18C-4B13-8A1D-1625A3FEDF56}"
EndProject
Global
	GlobalSection(SolutionConfigurationPlatforms) = preSolution
		Debug|Win32 = Debug|Win32
		Debug|x64 = Debug|x64
		Release|Win32 = Release|Win32
		Release|x64 = Release|x64
	EndGlobalSection
	GlobalSection(ProjectConfigurationPlatforms) = postSolution
		{5F8A5742-DE31-4B57-B870-EE88D23F98D5}.Debug|Win32.ActiveCfg = Debug|Win32
		{5F8A5742-DE31-4B57-B870-EE88D23F98D5}.Debug|Win32.Build.0 = Debug|Win32
		{5F8A5742-DE31-4B57-B870-EE88D23F98D5}.Debug|Win32.Deploy.0 = Debug|Win32
		{5F8A5742-DE31-4B57-B870-EE88D23F98D5}.Debug|x64.ActiveCfg = Debug|x64
		{5F8A5742-DE31-4B57-B870-EE88D23F98D5}.Debug|x64.Build.0 = Debug|x64
		{5F8A5742-DE31-4B57-B870-EE88D23F98D5}.Debug|x64.Deploy.0 = Debug|x64
		{5F8A5742-DE31-4B57-B870-EE88D23F98D5}.Release|Win32.ActiveCfg = Release|Win32
		{5F8A5742-DE31-4B57-B870-EE88D23F98D5}.Release|Win32.Build.0 = Release|Win32
		{5F8A5742-DE31-4B57-B870-EE88D23F98D5}.Release|Win32.Deploy.0 = Release|Win32
		{5F8A5742-DE31-4B57-B870-EE88D23F98D5}.Release|x64.ActiveCfg = Release|x64
		{5F8A5742-DE31-4B57-B870-EE88D23F98D5}.Release|x64.Build.0 = Release|x64
		{5F8A5742-DE31-4B57-B870-EE88D23F98D5}.Release|x64.Deploy.0 = Release|x64
		{C235C028-777F-4FC2-8A65-431D237C5B19}.Debug|Win32.ActiveCfg = Debug|Win32
		{C235C028-777F-4FC2-8A65-431D237C5B19}.Debug|Win32.Build.0 = Debug|Win32
		{C235C028-777F-4FC2-8A65-431D237C5B19}.Debug|Win32.Deploy.0 = Debug|Win32
		{C235C028-777F-4FC2-8A65-431D237C5B19}.Debug|x64.ActiveCfg = Debug|x64
		{C235C028-777F-4FC2-8A65-431D237C5B19}.Debug|x64.Build.0 = Debug|x64
		{C235C028-777F-4FC2-8A65-431D237C5B19}.Debug|x64.Deploy.0 = Debug|x64
		{C235C028-777F-4FC2-8A65-431D237C5B19}.Release|Win32.ActiveCfg = Release|Win32
		{C235C028-777F-4FC2-8A65-431D237C5B19}.Release|Win32.Build.0 = Release|Win32
		{C235C028-777F-4FC2-8A65-431D237C5B19}.Release|Win32.Deploy.0 = Release|Win32
		{C235C028-777F-4FC2-8A65-431D237C5B19}.Release|x64.ActiveCfg = Release|x64
		{C235C028-777F-4FC2-8A65-431D237C5B19}.Release|x64.Build.0 = Release|x64
		{C235C028-777F-4FC2-8A65-431D237C5B19}.Release|x64.Deploy.0 = Release|x64
		{4908237C-C2B6-44BF-AE0D-DDD503D14500}.Debug|Win32.ActiveCfg = Debug|Win32
		{4908237C-C2B6-44BF-AE0D-DDD503D14500}.Debug|Win32.Build.0 = Debug|Win32
		{4908237C-C2B6-44BF-AE0D-DDD503D14500}.Debug|Win32.Deploy.0 = Debug|Win32
		{4908237C-C2B6-44BF-AE0D-DDD503D14500}.Debug|x64.ActiveCfg = Debug|x64
		{4908237C-C2B6-44BF-AE0D-DDD503D14500}.Debug|x64.Build.0 = Debug|x64
		{4908237C-C2B6-44BF-AE0D-DDD503D14500}.Debug|x64.Deploy.0 = Debug|x64
		{4908237C-C2B6-44BF-AE0D-DDD503D14500}.Release|Win32.ActiveCfg = Release|Win32
		{4908237C-C2B6-44BF-AE0D-DDD503D14500}.Release|Win32.Build.0 = Release|Win32
		{4908237C-C2B6-44BF-AE0D-DDD503D14500}.Release|Win32.Deploy.0 = Release|Win32
		{4908237C-C2B6-44BF-AE0D-DDD503D14500}.Release|x64.ActiveCfg = Release|x64
		{4908237C-C2B6-44BF-AE0D-DDD503D14500}.Release|x64.Build.0 = Release|x64
		{4908237C-C2B6-44BF-AE0D-DDD503D14500}.Release|x64.Deploy.0 = Release|x64
		{8AB6893F-27D6-48C3-9FDC-129399B2B50E}.Debug|Win32.ActiveCfg = Debug|Win32
		{8AB6893F-27D6-48C3-9FDC-129399B2B50E}.Debug|Win32.Build.0 = Debug|Win32
		{8AB6893F-27D6-48C3-9FDC-129399B2B50E}.Debug|Win32.Deploy.0 = Debug|Win32
		{8AB6893F-27D6-48C3-9FDC-129399B2B50E}.Debug|x64.ActiveCfg = Debug|x64
		{8AB6893F-27D6-48C3-9FDC-129399B2B50E}.Debug|x64.Build.0 = Debug|x64
		{8AB6893F-27D6-48C3-9FDC-129399B2B50E}.Debug|x64.Deploy.0 = Debug|x64
		{8AB6893F-27D6-48C3-9FDC-129399B2B50E}.Release|Win32.ActiveCfg = Release|Win32
		{8AB6893F-27D6-48C3-9FDC-129399B2B50E}.Release|Win32.Build.0 = Release|Win32
		{8AB6893F-27D6-48C3-9FDC-129399B2B50E}.Release|Win32.Deploy.0 = Release|Win32
		{8AB6893F-27D6-48C3-9FDC-129399B2B50E}.Release|x64.ActiveCfg = Release|x64
		{8AB6893F-27D6-48C3-9FDC-129399B2B50E}.Release|x64.Build.0 = Release|x64
		{8AB6893F-27D6-48C3-9FDC-129399B2B50E}.Release|x64.Deploy.0 = Release|x64
		{1BE7188A-DAA6-412D-B12A-016DF78F79EC}.Debug|Win32.ActiveCfg = Debug|Win32
		{1BE7188A-DAA6-412D-B12A-016DF78F79EC}.Debug|Win32.Build.0 = Debug|Win32
		{1BE7188A-DAA6-412D-B12A-016DF78F79EC}.Debug|Win32.Deploy.0 = Debug|Win32
		{1BE7188A-DAA6-412D-B12A-016DF78F79EC}.Debug|x64.ActiveCfg = Debug|x64
		{1BE7188A-DAA6-412D-B12A-016DF78F79EC}.Debug|x64.Build.0 = Debug|x64
		{1BE7188A-DAA6-412D-B12A-016DF78F79EC}.Debug|x64.Deploy.0 = Debug|x64
		{1BE7188A-DAA6-412D-B12A-016DF78F79EC}.Release|Win32.ActiveCfg = Release|Win32
		{1BE7188A-DAA6-412D-B12A-016DF78F79EC}.Release|Win32.Build.0 = Release|Win32
		{1BE7188A-DAA6-412D-B12A-016DF78F79EC}.Release|Win32.Deploy.0 = Release|Win32
		{1BE7188A-DAA6-412D-B12A-016DF78F79EC}.Release|x64.ActiveCfg = Release|x64
		{1BE7188A-DAA6-412D-B12A-016DF78F79EC}.Release|x64.Build.0 = Release|x64
		{1BE7188A-DAA6-412D-B12A-016DF78F79EC}.Release|x64.Deploy.0 = Release|x64
		{DBB9F499-EF9C-47FF-B350-190DCE1A5A4B}.Debug|Win32.ActiveCfg = Debug|Win32
		{DBB9F499-EF9C-47FF-B350-190DCE1A5A4B}.Debug|Win32.Build.0 = Debug|Win32
		{DBB9F499-EF9C-47FF-B350-190DCE1A5A4B}.Debug|Win32.Deploy.0 = Debug|Win32
		{DBB9F499-EF9C-47FF-B350-190DCE1A5A4B}.Debug|x64.ActiveCfg = Debug|x64
		{DBB9F499-EF9C-47FF-B350-190DCE1A5A4B}.Debug|x64.Build.0 = Debug|x64
		{DBB9F499-EF9C-47FF-B350-190DCE1A5A4B}.Debug|x64.Deploy.0 = Debug|x64
		{DBB9F499-EF9C-47FF-B350-190DCE1A5A4B}.Release|Win32.ActiveCfg = Release|Win32
		{DBB9F499-EF9C-47FF-B350-190DCE1A5A4B}.Release|Win32.Build.0 = Release|Win32
		{DBB9F499-EF9C-47FF-B350-190DCE1A5A4B}.Release|Win32.Deploy.0 = Release|Win32
		{DBB9F499-EF9C-47FF-B350-190DCE1A5A4B}.Release|x64.ActiveCfg = Release|x64
		{DBB9F499-EF9C-47FF-B350-190DCE1A5A4B}.Release|x64.Build.0 = Release|x64
		{DBB9F499-EF9C-47FF-B350-190DCE1A5A4B}.Release|x64.Deploy.0 = Release|x64
		{347F966B-ABE7-4AE8-9764-9FB74B80622E}.Debug|Win32.ActiveCfg = Debug|Win32
		{347F966B-ABE7-4AE8-9764-9FB74B80622E}.Debug|Win32.Build.0 = Debug|Win32
		{347F966B-ABE7-4AE8-9764-9FB74B80622E}.Debug|Win32.Deploy.0 = Debug|Win32
		{347F966B-ABE7-4AE8-9764-9FB74B80622E}.Debug|x64.ActiveCfg = Debug|x64
		{347F966B-ABE7-4AE8-9764-9FB74B80622E}.Debug|x64.Build.0 = Debug|x64
		{347F966B-ABE7-4AE8-9764-9FB74B80622E}.Debug|x64.Deploy.0 = Debug|x64
		{347F966B-ABE7-4AE8-9764-9FB74B80622E}.Release|Win32.ActiveCfg = Release|Win32
		{347F966B-ABE7-4AE8-9764-9FB74B80622E}.Release|Win32.Build.0 = Release|Win32
		{347F966B-ABE7-4AE8-9764-9FB74B80622E}.Release|Win32.Deploy.0 = Release|Win32
		{347F966B-ABE7-4AE8-9764-9FB74B80622E}.Release|x64.ActiveCfg = Release|x64
		{347F966B-ABE7-4AE8-9764-9FB74B80622E}.Release|x64.Build.0 = Release|x64
		{347F966B-ABE7-4AE8-9764-9FB74B80622E}.Release|x64.Deploy.0 = Release|x64
		{FBFF72FC-084E-4158-AC84-40A06D28A7EA}.Debug|Win32.ActiveCfg = Debug|Win32
		{FBFF72FC-084E-4158-AC84-40A06D28A7EA}.Debug|Win32.Build.0 = Debug|Win32
		{FBFF72FC-084E-4158-AC84-40A06D28A7EA}.Debug|Win32.Deploy.0 = Debug|Win32
		{FBFF72FC-084E-4158-AC84-40A06D28A7EA}.Debug|x64.ActiveCfg = Debug|x64
		{FBFF72FC-084E-4158-AC84-40A06D28A7EA}.Debug|x64.Build.0 = Debug|x64
		{FBFF72FC-084E-4158-AC84-40A06D28A7EA}.Debug|x64.Deploy.0 = Debug|x64
		{FBFF72FC-084E-4158-AC84-40A06D28A7EA}.Release|Win32.ActiveCfg = Release|Win32
		{FBFF72FC-084E-4158-AC84-40A06D28A7EA}.Release|Win32.Build.0 = Release|Win32
		{FBFF72FC-084E-4158-AC84-40A06D28A7EA}.Release|Win32.Deploy.0 = Release|Win32
		{FBFF72FC-084E-4158-AC84-40A06D28A7EA}.Release|x64.ActiveCfg = Release|x64
		{FBFF72FC-084E-4158-AC84-40A06D28A7EA}.Release|x64.Build.0 = Release|x64
		{FBFF72FC-084E-4158-AC84-40A06D28A7EA}.Release|x64.Deploy.0 = Release|x64
		{93B9E3FC-D18C-4B13-8A1D-1625A3FEDF56}.Debug|Win32.ActiveCfg = Debug|Win32
		{93B9E3FC-D18C-4B13-8A1D-1625A3FEDF56}.Debug|Win32.Build.0 = Debug|Win32
		{93B9E3FC-D18C-4B13-8A1D-1625A3FEDF56}.Debug|Win32.Deploy.0 = Debug|Win32
		{93B9E3FC-D18C-4B13-8A1D-1625A3FEDF56}.Debug|x64.ActiveCfg = Debug|x64
		{93B9E3FC-D18C-4B13-8A1D-1625A3FEDF56}.Debug|x64.Build.0 = Debug|x64
		{93B9E3FC-D18C-4B13-8A1D-1625A3FEDF56}.Debug|x64.Deploy.0 = Debug|x64
		{93B9E3FC-D18C-4B13-8A1D-1625A3FEDF56}.Release|Win32.ActiveCfg = Release|Win32
		{93B9E3FC-D18C-4B13-8A1D-1625A3FEDF56}.Release|Win32.Build.0 = Release|Win32
		{93B9E3FC-D18C-4B13-8A1D-1625A3FEDF56}.Release|Win32.Deploy.0 = Release|Win32
		{93B9E3FC-D18C-4B13-8A1D-1625A3FEDF56}.Release|x64.ActiveCfg = Release|x64
		{93B9E3FC-D18C-4B13-8A1D-1625A3FEDF56}.Release|x64.Build.0 = Release|x64
		{93B9E3FC-D18C-4B13-8A1D-1625A3FEDF56}.Release|x64.Deploy.0 = Release|x64
	EndGlobalSection
	GlobalSection(SolutionProperties) = preSolution
		HideSolutionNode = FALSE
	EndGlobalSection
EndGlobal
